{"1.2.0",
[{<<"getopt">>,{pkg,<<"getopt">>,<<"1.0.2">>},0},
 {<<"quickrand">>,{pkg,<<"quickrand">>,<<"2.0.4">>},1},
 {<<"termseal">>,
  {git,"https://github.com/grisp/termseal.git",
       {ref,"e1d9afc0f47a13073cfca31af4a4ffb3a86e0bc1"}},
  0},
 {<<"uuid">>,{pkg,<<"uuid_erl">>,<<"2.0.4">>},0}]}.
[
{pkg_hash,[
 {<<"getopt">>, <<"33D9B44289FE7AD08627DDFE1D798E30B2DA0033B51DA1B3A2D64E72CD581D02">>},
 {<<"quickrand">>, <<"168CA3A8466A26912B8C3A1D6AA58975E1BB49E5C7AFB4998B80F6B90F910490">>},
 {<<"uuid">>, <<"77C3E3EE1E1701A2856CE945846D7CEB71931C60633A305D0B0FEAE03B2B3B5C">>}]},
{pkg_hash_ext,[
 {<<"getopt">>, <<"A0029AEA4322FB82A61F6876A6D9C66DC9878B6CB61FAA13DF3187384FD4EA26">>},
 {<<"quickrand">>, <<"4CB18E9304CF28E054E8DC6E151D1AC7F174E6FE31D5C1A07F71279B92A90800">>},
 {<<"uuid">>, <<"7A4CCD1C151D9B88B4383FA802BCCF9BCB3754B7F53D7CAA164D51A14A6652E4">>}]}
].
